// !$*UTF8*$!
{
	archiveVersion = 1;
	classes = {
	};
	objectVersion = 46;
	objects = {

/* Begin PBXBuildFile section */
		072B57A619C6B340006606ED /* WXClient.m in Sources */ = {isa = PBXBuildFile; fileRef = 072B57A519C6B340006606ED /* WXClient.m */; };
		072B57A919C6B34F006606ED /* WXManager.m in Sources */ = {isa = PBXBuildFile; fileRef = 072B57A819C6B34F006606ED /* WXManager.m */; };
		072B57AC19C6B368006606ED /* WXCondition.m in Sources */ = {isa = PBXBuildFile; fileRef = 072B57AB19C6B368006606ED /* WXCondition.m */; };
		072B57AF19C6B382006606ED /* WXDailyForecast.m in Sources */ = {isa = PBXBuildFile; fileRef = 072B57AE19C6B382006606ED /* WXDailyForecast.m */; };
		073DC86119C6316D00978D67 /* Foundation.framework in Frameworks */ = {isa = PBXBuildFile; fileRef = 073DC86019C6316D00978D67 /* Foundation.framework */; };
		073DC86319C6316D00978D67 /* CoreGraphics.framework in Frameworks */ = {isa = PBXBuildFile; fileRef = 073DC86219C6316D00978D67 /* CoreGraphics.framework */; };
		073DC86519C6316D00978D67 /* UIKit.framework in Frameworks */ = {isa = PBXBuildFile; fileRef = 073DC86419C6316D00978D67 /* UIKit.framework */; };
		073DC86B19C6316D00978D67 /* InfoPlist.strings in Resources */ = {isa = PBXBuildFile; fileRef = 073DC86919C6316D00978D67 /* InfoPlist.strings */; };
		073DC86D19C6316D00978D67 /* main.m in Sources */ = {isa = PBXBuildFile; fileRef = 073DC86C19C6316D00978D67 /* main.m */; };
		073DC87119C6316D00978D67 /* AppDelegate.m in Sources */ = {isa = PBXBuildFile; fileRef = 073DC87019C6316D00978D67 /* AppDelegate.m */; };
		073DC87319C6316D00978D67 /* Images.xcassets in Resources */ = {isa = PBXBuildFile; fileRef = 073DC87219C6316D00978D67 /* Images.xcassets */; };
		073DC87A19C6316D00978D67 /* XCTest.framework in Frameworks */ = {isa = PBXBuildFile; fileRef = 073DC87919C6316D00978D67 /* XCTest.framework */; };
		073DC87B19C6316D00978D67 /* Foundation.framework in Frameworks */ = {isa = PBXBuildFile; fileRef = 073DC86019C6316D00978D67 /* Foundation.framework */; };
		073DC87C19C6316D00978D67 /* UIKit.framework in Frameworks */ = {isa = PBXBuildFile; fileRef = 073DC86419C6316D00978D67 /* UIKit.framework */; };
		073DC88419C6316D00978D67 /* InfoPlist.strings in Resources */ = {isa = PBXBuildFile; fileRef = 073DC88219C6316D00978D67 /* InfoPlist.strings */; };
		073DC88619C6316E00978D67 /* WeatherTests.m in Sources */ = {isa = PBXBuildFile; fileRef = 073DC88519C6316E00978D67 /* WeatherTests.m */; };
		0772E96219C6394400472221 /* WXController.m in Sources */ = {isa = PBXBuildFile; fileRef = 0772E96119C6394400472221 /* WXController.m */; };
		0772EA2119C6443500472221 /* bg.png in Resources */ = {isa = PBXBuildFile; fileRef = 0772EA0619C6443500472221 /* bg.png */; };
		0772EA2219C6443500472221 /* bg@2x.png in Resources */ = {isa = PBXBuildFile; fileRef = 0772EA0719C6443500472221 /* bg@2x.png */; };
		0772EA2319C6443500472221 /* weather-broken.png in Resources */ = {isa = PBXBuildFile; fileRef = 0772EA0919C6443500472221 /* weather-broken.png */; };
		0772EA2419C6443500472221 /* weather-broken@2x.png in Resources */ = {isa = PBXBuildFile; fileRef = 0772EA0A19C6443500472221 /* weather-broken@2x.png */; };
		0772EA2519C6443500472221 /* weather-clear.png in Resources */ = {isa = PBXBuildFile; fileRef = 0772EA0B19C6443500472221 /* weather-clear.png */; };
		0772EA2619C6443500472221 /* weather-clear@2x.png in Resources */ = {isa = PBXBuildFile; fileRef = 0772EA0C19C6443500472221 /* weather-clear@2x.png */; };
		0772EA2719C6443500472221 /* weather-few-night.png in Resources */ = {isa = PBXBuildFile; fileRef = 0772EA0D19C6443500472221 /* weather-few-night.png */; };
		0772EA2819C6443500472221 /* weather-few-night@2x.png in Resources */ = {isa = PBXBuildFile; fileRef = 0772EA0E19C6443500472221 /* weather-few-night@2x.png */; };
		0772EA2919C6443500472221 /* weather-few.png in Resources */ = {isa = PBXBuildFile; fileRef = 0772EA0F19C6443500472221 /* weather-few.png */; };
		0772EA2A19C6443500472221 /* weather-few@2x.png in Resources */ = {isa = PBXBuildFile; fileRef = 0772EA1019C6443500472221 /* weather-few@2x.png */; };
		0772EA2B19C6443500472221 /* weather-mist.png in Resources */ = {isa = PBXBuildFile; fileRef = 0772EA1119C6443500472221 /* weather-mist.png */; };
		0772EA2C19C6443500472221 /* weather-mist@2x.png in Resources */ = {isa = PBXBuildFile; fileRef = 0772EA1219C6443500472221 /* weather-mist@2x.png */; };
		0772EA2D19C6443500472221 /* weather-moon.png in Resources */ = {isa = PBXBuildFile; fileRef = 0772EA1319C6443500472221 /* weather-moon.png */; };
		0772EA2E19C6443500472221 /* weather-moon@2x.png in Resources */ = {isa = PBXBuildFile; fileRef = 0772EA1419C6443500472221 /* weather-moon@2x.png */; };
		0772EA2F19C6443500472221 /* weather-rain-night.png in Resources */ = {isa = PBXBuildFile; fileRef = 0772EA1519C6443500472221 /* weather-rain-night.png */; };
		0772EA3019C6443500472221 /* weather-rain-night@2x.png in Resources */ = {isa = PBXBuildFile; fileRef = 0772EA1619C6443500472221 /* weather-rain-night@2x.png */; };
		0772EA3119C6443500472221 /* weather-rain.png in Resources */ = {isa = PBXBuildFile; fileRef = 0772EA1719C6443500472221 /* weather-rain.png */; };
		0772EA3219C6443500472221 /* weather-rain@2x.png in Resources */ = {isa = PBXBuildFile; fileRef = 0772EA1819C6443500472221 /* weather-rain@2x.png */; };
		0772EA3319C6443500472221 /* weather-scattered.png in Resources */ = {isa = PBXBuildFile; fileRef = 0772EA1919C6443500472221 /* weather-scattered.png */; };
		0772EA3419C6443500472221 /* weather-scattered@2x.png in Resources */ = {isa = PBXBuildFile; fileRef = 0772EA1A19C6443500472221 /* weather-scattered@2x.png */; };
		0772EA3519C6443500472221 /* weather-shower.png in Resources */ = {isa = PBXBuildFile; fileRef = 0772EA1B19C6443500472221 /* weather-shower.png */; };
		0772EA3619C6443500472221 /* weather-shower@2x.png in Resources */ = {isa = PBXBuildFile; fileRef = 0772EA1C19C6443500472221 /* weather-shower@2x.png */; };
		0772EA3719C6443500472221 /* weather-snow.png in Resources */ = {isa = PBXBuildFile; fileRef = 0772EA1D19C6443500472221 /* weather-snow.png */; };
		0772EA3819C6443500472221 /* weather-snow@2x.png in Resources */ = {isa = PBXBuildFile; fileRef = 0772EA1E19C6443500472221 /* weather-snow@2x.png */; };
		0772EA3919C6443500472221 /* weather-tstorm.png in Resources */ = {isa = PBXBuildFile; fileRef = 0772EA1F19C6443500472221 /* weather-tstorm.png */; };
		0772EA3A19C6443500472221 /* weather-tstorm@2x.png in Resources */ = {isa = PBXBuildFile; fileRef = 0772EA2019C6443500472221 /* weather-tstorm@2x.png */; };
		A0BBC0E0B206402A92672AFB /* libPods.a in Frameworks */ = {isa = PBXBuildFile; fileRef = BBEEE47F2CC64B84BC224D6C /* libPods.a */; };
/* End PBXBuildFile section */

/* Begin PBXContainerItemProxy section */
		073DC87D19C6316D00978D67 /* PBXContainerItemProxy */ = {
			isa = PBXContainerItemProxy;
			containerPortal = 073DC85519C6316D00978D67 /* Project object */;
			proxyType = 1;
			remoteGlobalIDString = 073DC85C19C6316D00978D67;
			remoteInfo = Weather;
		};
/* End PBXContainerItemProxy section */

/* Begin PBXFileReference section */
		072B57A419C6B340006606ED /* WXClient.h */ = {isa = PBXFileReference; fileEncoding = 4; lastKnownFileType = sourcecode.c.h; path = WXClient.h; sourceTree = "<group>"; };
		072B57A519C6B340006606ED /* WXClient.m */ = {isa = PBXFileReference; fileEncoding = 4; lastKnownFileType = sourcecode.c.objc; path = WXClient.m; sourceTree = "<group>"; };
		072B57A719C6B34F006606ED /* WXManager.h */ = {isa = PBXFileReference; fileEncoding = 4; lastKnownFileType = sourcecode.c.h; path = WXManager.h; sourceTree = "<group>"; };
		072B57A819C6B34F006606ED /* WXManager.m */ = {isa = PBXFileReference; fileEncoding = 4; lastKnownFileType = sourcecode.c.objc; path = WXManager.m; sourceTree = "<group>"; };
		072B57AA19C6B368006606ED /* WXCondition.h */ = {isa = PBXFileReference; fileEncoding = 4; lastKnownFileType = sourcecode.c.h; path = WXCondition.h; sourceTree = "<group>"; };
		072B57AB19C6B368006606ED /* WXCondition.m */ = {isa = PBXFileReference; fileEncoding = 4; lastKnownFileType = sourcecode.c.objc; path = WXCondition.m; sourceTree = "<group>"; };
		072B57AD19C6B382006606ED /* WXDailyForecast.h */ = {isa = PBXFileReference; fileEncoding = 4; lastKnownFileType = sourcecode.c.h; path = WXDailyForecast.h; sourceTree = "<group>"; };
		072B57AE19C6B382006606ED /* WXDailyForecast.m */ = {isa = PBXFileReference; fileEncoding = 4; lastKnownFileType = sourcecode.c.objc; path = WXDailyForecast.m; sourceTree = "<group>"; };
		073DC85D19C6316D00978D67 /* Weather.app */ = {isa = PBXFileReference; explicitFileType = wrapper.application; includeInIndex = 0; path = Weather.app; sourceTree = BUILT_PRODUCTS_DIR; };
		073DC86019C6316D00978D67 /* Foundation.framework */ = {isa = PBXFileReference; lastKnownFileType = wrapper.framework; name = Foundation.framework; path = System/Library/Frameworks/Foundation.framework; sourceTree = SDKROOT; };
		073DC86219C6316D00978D67 /* CoreGraphics.framework */ = {isa = PBXFileReference; lastKnownFileType = wrapper.framework; name = CoreGraphics.framework; path = System/Library/Frameworks/CoreGraphics.framework; sourceTree = SDKROOT; };
		073DC86419C6316D00978D67 /* UIKit.framework */ = {isa = PBXFileReference; lastKnownFileType = wrapper.framework; name = UIKit.framework; path = System/Library/Frameworks/UIKit.framework; sourceTree = SDKROOT; };
		073DC86819C6316D00978D67 /* Weather-Info.plist */ = {isa = PBXFileReference; lastKnownFileType = text.plist.xml; path = "Weather-Info.plist"; sourceTree = "<group>"; };
		073DC86A19C6316D00978D67 /* en */ = {isa = PBXFileReference; lastKnownFileType = text.plist.strings; name = en; path = en.lproj/InfoPlist.strings; sourceTree = "<group>"; };
		073DC86C19C6316D00978D67 /* main.m */ = {isa = PBXFileReference; lastKnownFileType = sourcecode.c.objc; path = main.m; sourceTree = "<group>"; };
		073DC86E19C6316D00978D67 /* Weather-Prefix.pch */ = {isa = PBXFileReference; lastKnownFileType = sourcecode.c.h; path = "Weather-Prefix.pch"; sourceTree = "<group>"; };
		073DC86F19C6316D00978D67 /* AppDelegate.h */ = {isa = PBXFileReference; lastKnownFileType = sourcecode.c.h; path = AppDelegate.h; sourceTree = "<group>"; };
		073DC87019C6316D00978D67 /* AppDelegate.m */ = {isa = PBXFileReference; lastKnownFileType = sourcecode.c.objc; path = AppDelegate.m; sourceTree = "<group>"; };
		073DC87219C6316D00978D67 /* Images.xcassets */ = {isa = PBXFileReference; lastKnownFileType = folder.assetcatalog; path = Images.xcassets; sourceTree = "<group>"; };
		073DC87819C6316D00978D67 /* WeatherTests.xctest */ = {isa = PBXFileReference; explicitFileType = wrapper.cfbundle; includeInIndex = 0; path = WeatherTests.xctest; sourceTree = BUILT_PRODUCTS_DIR; };
		073DC87919C6316D00978D67 /* XCTest.framework */ = {isa = PBXFileReference; lastKnownFileType = wrapper.framework; name = XCTest.framework; path = Library/Frameworks/XCTest.framework; sourceTree = DEVELOPER_DIR; };
		073DC88119C6316D00978D67 /* WeatherTests-Info.plist */ = {isa = PBXFileReference; lastKnownFileType = text.plist.xml; path = "WeatherTests-Info.plist"; sourceTree = "<group>"; };
		073DC88319C6316D00978D67 /* en */ = {isa = PBXFileReference; lastKnownFileType = text.plist.strings; name = en; path = en.lproj/InfoPlist.strings; sourceTree = "<group>"; };
		073DC88519C6316E00978D67 /* WeatherTests.m */ = {isa = PBXFileReference; lastKnownFileType = sourcecode.c.objc; path = WeatherTests.m; sourceTree = "<group>"; };
		0772E96019C6394400472221 /* WXController.h */ = {isa = PBXFileReference; fileEncoding = 4; lastKnownFileType = sourcecode.c.h; path = WXController.h; sourceTree = "<group>"; };
		0772E96119C6394400472221 /* WXController.m */ = {isa = PBXFileReference; fileEncoding = 4; lastKnownFileType = sourcecode.c.objc; path = WXController.m; sourceTree = "<group>"; };
		0772EA0619C6443500472221 /* bg.png */ = {isa = PBXFileReference; lastKnownFileType = image.png; path = bg.png; sourceTree = "<group>"; };
		0772EA0719C6443500472221 /* bg@2x.png */ = {isa = PBXFileReference; lastKnownFileType = image.png; path = "bg@2x.png"; sourceTree = "<group>"; };
		0772EA0919C6443500472221 /* weather-broken.png */ = {isa = PBXFileReference; lastKnownFileType = image.png; path = "weather-broken.png"; sourceTree = "<group>"; };
		0772EA0A19C6443500472221 /* weather-broken@2x.png */ = {isa = PBXFileReference; lastKnownFileType = image.png; path = "weather-broken@2x.png"; sourceTree = "<group>"; };
		0772EA0B19C6443500472221 /* weather-clear.png */ = {isa = PBXFileReference; lastKnownFileType = image.png; path = "weather-clear.png"; sourceTree = "<group>"; };
		0772EA0C19C6443500472221 /* weather-clear@2x.png */ = {isa = PBXFileReference; lastKnownFileType = image.png; path = "weather-clear@2x.png"; sourceTree = "<group>"; };
		0772EA0D19C6443500472221 /* weather-few-night.png */ = {isa = PBXFileReference; lastKnownFileType = image.png; path = "weather-few-night.png"; sourceTree = "<group>"; };
		0772EA0E19C6443500472221 /* weather-few-night@2x.png */ = {isa = PBXFileReference; lastKnownFileType = image.png; path = "weather-few-night@2x.png"; sourceTree = "<group>"; };
		0772EA0F19C6443500472221 /* weather-few.png */ = {isa = PBXFileReference; lastKnownFileType = image.png; path = "weather-few.png"; sourceTree = "<group>"; };
		0772EA1019C6443500472221 /* weather-few@2x.png */ = {isa = PBXFileReference; lastKnownFileType = image.png; path = "weather-few@2x.png"; sourceTree = "<group>"; };
		0772EA1119C6443500472221 /* weather-mist.png */ = {isa = PBXFileReference; lastKnownFileType = image.png; path = "weather-mist.png"; sourceTree = "<group>"; };
		0772EA1219C6443500472221 /* weather-mist@2x.png */ = {isa = PBXFileReference; lastKnownFileType = image.png; path = "weather-mist@2x.png"; sourceTree = "<group>"; };
		0772EA1319C6443500472221 /* weather-moon.png */ = {isa = PBXFileReference; lastKnownFileType = image.png; path = "weather-moon.png"; sourceTree = "<group>"; };
		0772EA1419C6443500472221 /* weather-moon@2x.png */ = {isa = PBXFileReference; lastKnownFileType = image.png; path = "weather-moon@2x.png"; sourceTree = "<group>"; };
		0772EA1519C6443500472221 /* weather-rain-night.png */ = {isa = PBXFileReference; lastKnownFileType = image.png; path = "weather-rain-night.png"; sourceTree = "<group>"; };
		0772EA1619C6443500472221 /* weather-rain-night@2x.png */ = {isa = PBXFileReference; lastKnownFileType = image.png; path = "weather-rain-night@2x.png"; sourceTree = "<group>"; };
		0772EA1719C6443500472221 /* weather-rain.png */ = {isa = PBXFileReference; lastKnownFileType = image.png; path = "weather-rain.png"; sourceTree = "<group>"; };
		0772EA1819C6443500472221 /* weather-rain@2x.png */ = {isa = PBXFileReference; lastKnownFileType = image.png; path = "weather-rain@2x.png"; sourceTree = "<group>"; };
		0772EA1919C6443500472221 /* weather-scattered.png */ = {isa = PBXFileReference; lastKnownFileType = image.png; path = "weather-scattered.png"; sourceTree = "<group>"; };
		0772EA1A19C6443500472221 /* weather-scattered@2x.png */ = {isa = PBXFileReference; lastKnownFileType = image.png; path = "weather-scattered@2x.png"; sourceTree = "<group>"; };
		0772EA1B19C6443500472221 /* weather-shower.png */ = {isa = PBXFileReference; lastKnownFileType = image.png; path = "weather-shower.png"; sourceTree = "<group>"; };
		0772EA1C19C6443500472221 /* weather-shower@2x.png */ = {isa = PBXFileReference; lastKnownFileType = image.png; path = "weather-shower@2x.png"; sourceTree = "<group>"; };
		0772EA1D19C6443500472221 /* weather-snow.png */ = {isa = PBXFileReference; lastKnownFileType = image.png; path = "weather-snow.png"; sourceTree = "<group>"; };
		0772EA1E19C6443500472221 /* weather-snow@2x.png */ = {isa = PBXFileReference; lastKnownFileType = image.png; path = "weather-snow@2x.png"; sourceTree = "<group>"; };
		0772EA1F19C6443500472221 /* weather-tstorm.png */ = {isa = PBXFileReference; lastKnownFileType = image.png; path = "weather-tstorm.png"; sourceTree = "<group>"; };
		0772EA2019C6443500472221 /* weather-tstorm@2x.png */ = {isa = PBXFileReference; lastKnownFileType = image.png; path = "weather-tstorm@2x.png"; sourceTree = "<group>"; };
		6ABDBB32167949C69A52F178 /* Pods.xcconfig */ = {isa = PBXFileReference; includeInIndex = 1; lastKnownFileType = text.xcconfig; name = Pods.xcconfig; path = Pods/Pods.xcconfig; sourceTree = "<group>"; };
		BBEEE47F2CC64B84BC224D6C /* libPods.a */ = {isa = PBXFileReference; explicitFileType = archive.ar; includeInIndex = 0; path = libPods.a; sourceTree = BUILT_PRODUCTS_DIR; };
/* End PBXFileReference section */

/* Begin PBXFrameworksBuildPhase section */
		073DC85A19C6316D00978D67 /* Frameworks */ = {
			isa = PBXFrameworksBuildPhase;
			buildActionMask = 2147483647;
			files = (
				073DC86319C6316D00978D67 /* CoreGraphics.framework in Frameworks */,
				073DC86519C6316D00978D67 /* UIKit.framework in Frameworks */,
				073DC86119C6316D00978D67 /* Foundation.framework in Frameworks */,
				A0BBC0E0B206402A92672AFB /* libPods.a in Frameworks */,
			);
			runOnlyForDeploymentPostprocessing = 0;
		};
		073DC87519C6316D00978D67 /* Frameworks */ = {
			isa = PBXFrameworksBuildPhase;
			buildActionMask = 2147483647;
			files = (
				073DC87A19C6316D00978D67 /* XCTest.framework in Frameworks */,
				073DC87C19C6316D00978D67 /* UIKit.framework in Frameworks */,
				073DC87B19C6316D00978D67 /* Foundation.framework in Frameworks */,
			);
			runOnlyForDeploymentPostprocessing = 0;
		};
/* End PBXFrameworksBuildPhase section */

/* Begin PBXGroup section */
		073DC85419C6316D00978D67 = {
			isa = PBXGroup;
			children = (
				0772EA0519C6443500472221 /* Images */,
				073DC86619C6316D00978D67 /* Weather */,
				073DC87F19C6316D00978D67 /* WeatherTests */,
				073DC85F19C6316D00978D67 /* Frameworks */,
				073DC85E19C6316D00978D67 /* Products */,
				6ABDBB32167949C69A52F178 /* Pods.xcconfig */,
			);
			sourceTree = "<group>";
		};
		073DC85E19C6316D00978D67 /* Products */ = {
			isa = PBXGroup;
			children = (
				073DC85D19C6316D00978D67 /* Weather.app */,
				073DC87819C6316D00978D67 /* WeatherTests.xctest */,
			);
			name = Products;
			sourceTree = "<group>";
		};
		073DC85F19C6316D00978D67 /* Frameworks */ = {
			isa = PBXGroup;
			children = (
				073DC86019C6316D00978D67 /* Foundation.framework */,
				073DC86219C6316D00978D67 /* CoreGraphics.framework */,
				073DC86419C6316D00978D67 /* UIKit.framework */,
				073DC87919C6316D00978D67 /* XCTest.framework */,
				BBEEE47F2CC64B84BC224D6C /* libPods.a */,
			);
			name = Frameworks;
			sourceTree = "<group>";
		};
		073DC86619C6316D00978D67 /* Weather */ = {
			isa = PBXGroup;
			children = (
				073DC86F19C6316D00978D67 /* AppDelegate.h */,
				072B57A419C6B340006606ED /* WXClient.h */,
				072B57A519C6B340006606ED /* WXClient.m */,
				072B57A719C6B34F006606ED /* WXManager.h */,
				072B57A819C6B34F006606ED /* WXManager.m */,
				072B57AA19C6B368006606ED /* WXCondition.h */,
				072B57AB19C6B368006606ED /* WXCondition.m */,
				072B57AD19C6B382006606ED /* WXDailyForecast.h */,
				072B57AE19C6B382006606ED /* WXDailyForecast.m */,
				073DC87019C6316D00978D67 /* AppDelegate.m */,
				073DC87219C6316D00978D67 /* Images.xcassets */,
				073DC86719C6316D00978D67 /* Supporting Files */,
				0772E96019C6394400472221 /* WXController.h */,
				0772E96119C6394400472221 /* WXController.m */,
			);
			path = Weather;
			sourceTree = "<group>";
		};
		073DC86719C6316D00978D67 /* Supporting Files */ = {
			isa = PBXGroup;
			children = (
				073DC86819C6316D00978D67 /* Weather-Info.plist */,
				073DC86919C6316D00978D67 /* InfoPlist.strings */,
				073DC86C19C6316D00978D67 /* main.m */,
				073DC86E19C6316D00978D67 /* Weather-Prefix.pch */,
			);
			name = "Supporting Files";
			sourceTree = "<group>";
		};
		073DC87F19C6316D00978D67 /* WeatherTests */ = {
			isa = PBXGroup;
			children = (
				073DC88519C6316E00978D67 /* WeatherTests.m */,
				073DC88019C6316D00978D67 /* Supporting Files */,
			);
			path = WeatherTests;
			sourceTree = "<group>";
		};
		073DC88019C6316D00978D67 /* Supporting Files */ = {
			isa = PBXGroup;
			children = (
				073DC88119C6316D00978D67 /* WeatherTests-Info.plist */,
				073DC88219C6316D00978D67 /* InfoPlist.strings */,
			);
			name = "Supporting Files";
			sourceTree = "<group>";
		};
		0772EA0519C6443500472221 /* Images */ = {
			isa = PBXGroup;
			children = (
				0772EA0619C6443500472221 /* bg.png */,
				0772EA0719C6443500472221 /* bg@2x.png */,
				0772EA0819C6443500472221 /* Weather Icons */,
			);
			path = Images;
			sourceTree = "<group>";
		};
		0772EA0819C6443500472221 /* Weather Icons */ = {
			isa = PBXGroup;
			children = (
				0772EA0919C6443500472221 /* weather-broken.png */,
				0772EA0A19C6443500472221 /* weather-broken@2x.png */,
				0772EA0B19C6443500472221 /* weather-clear.png */,
				0772EA0C19C6443500472221 /* weather-clear@2x.png */,
				0772EA0D19C6443500472221 /* weather-few-night.png */,
				0772EA0E19C6443500472221 /* weather-few-night@2x.png */,
				0772EA0F19C6443500472221 /* weather-few.png */,
				0772EA1019C6443500472221 /* weather-few@2x.png */,
				0772EA1119C6443500472221 /* weather-mist.png */,
				0772EA1219C6443500472221 /* weather-mist@2x.png */,
				0772EA1319C6443500472221 /* weather-moon.png */,
				0772EA1419C6443500472221 /* weather-moon@2x.png */,
				0772EA1519C6443500472221 /* weather-rain-night.png */,
				0772EA1619C6443500472221 /* weather-rain-night@2x.png */,
				0772EA1719C6443500472221 /* weather-rain.png */,
				0772EA1819C6443500472221 /* weather-rain@2x.png */,
				0772EA1919C6443500472221 /* weather-scattered.png */,
				0772EA1A19C6443500472221 /* weather-scattered@2x.png */,
				0772EA1B19C6443500472221 /* weather-shower.png */,
				0772EA1C19C6443500472221 /* weather-shower@2x.png */,
				0772EA1D19C6443500472221 /* weather-snow.png */,
				0772EA1E19C6443500472221 /* weather-snow@2x.png */,
				0772EA1F19C6443500472221 /* weather-tstorm.png */,
				0772EA2019C6443500472221 /* weather-tstorm@2x.png */,
			);
			path = "Weather Icons";
			sourceTree = "<group>";
		};
/* End PBXGroup section */

/* Begin PBXNativeTarget section */
		073DC85C19C6316D00978D67 /* Weather */ = {
			isa = PBXNativeTarget;
			buildConfigurationList = 073DC88919C6316E00978D67 /* Build configuration list for PBXNativeTarget "Weather" */;
			buildPhases = (
				4EFE9B060944461EBF2027A6 /* Check Pods Manifest.lock */,
				073DC85919C6316D00978D67 /* Sources */,
				073DC85A19C6316D00978D67 /* Frameworks */,
				073DC85B19C6316D00978D67 /* Resources */,
				142486077A624B0D8D40CD5F /* Copy Pods Resources */,
			);
			buildRules = (
			);
			dependencies = (
			);
			name = Weather;
			productName = Weather;
			productReference = 073DC85D19C6316D00978D67 /* Weather.app */;
			productType = "com.apple.product-type.application";
		};
		073DC87719C6316D00978D67 /* WeatherTests */ = {
			isa = PBXNativeTarget;
			buildConfigurationList = 073DC88C19C6316E00978D67 /* Build configuration list for PBXNativeTarget "WeatherTests" */;
			buildPhases = (
				073DC87419C6316D00978D67 /* Sources */,
				073DC87519C6316D00978D67 /* Frameworks */,
				073DC87619C6316D00978D67 /* Resources */,
			);
			buildRules = (
			);
			dependencies = (
				073DC87E19C6316D00978D67 /* PBXTargetDependency */,
			);
			name = WeatherTests;
			productName = WeatherTests;
			productReference = 073DC87819C6316D00978D67 /* WeatherTests.xctest */;
			productType = "com.apple.product-type.bundle.unit-test";
		};
/* End PBXNativeTarget section */

/* Begin PBXProject section */
		073DC85519C6316D00978D67 /* Project object */ = {
			isa = PBXProject;
			attributes = {
				LastUpgradeCheck = 0500;
				ORGANIZATIONNAME = edu.self;
				TargetAttributes = {
					073DC87719C6316D00978D67 = {
						TestTargetID = 073DC85C19C6316D00978D67;
					};
				};
			};
			buildConfigurationList = 073DC85819C6316D00978D67 /* Build configuration list for PBXProject "Weather" */;
			compatibilityVersion = "Xcode 3.2";
			developmentRegion = English;
			hasScannedForEncodings = 0;
			knownRegions = (
				en,
			);
			mainGroup = 073DC85419C6316D00978D67;
			productRefGroup = 073DC85E19C6316D00978D67 /* Products */;
			projectDirPath = "";
			projectRoot = "";
			targets = (
				073DC85C19C6316D00978D67 /* Weather */,
				073DC87719C6316D00978D67 /* WeatherTests */,
			);
		};
/* End PBXProject section */

/* Begin PBXResourcesBuildPhase section */
		073DC85B19C6316D00978D67 /* Resources */ = {
			isa = PBXResourcesBuildPhase;
			buildActionMask = 2147483647;
			files = (
				0772EA3A19C6443500472221 /* weather-tstorm@2x.png in Resources */,
				0772EA2319C6443500472221 /* weather-broken.png in Resources */,
				0772EA2719C6443500472221 /* weather-few-night.png in Resources */,
				0772EA2519C6443500472221 /* weather-clear.png in Resources */,
				0772EA3419C6443500472221 /* weather-scattered@2x.png in Resources */,
				0772EA3219C6443500472221 /* weather-rain@2x.png in Resources */,
				0772EA2819C6443500472221 /* weather-few-night@2x.png in Resources */,
				0772EA2B19C6443500472221 /* weather-mist.png in Resources */,
				0772EA3719C6443500472221 /* weather-snow.png in Resources */,
				0772EA3119C6443500472221 /* weather-rain.png in Resources */,
				0772EA2F19C6443500472221 /* weather-rain-night.png in Resources */,
				073DC86B19C6316D00978D67 /* InfoPlist.strings in Resources */,
				0772EA2E19C6443500472221 /* weather-moon@2x.png in Resources */,
				0772EA2C19C6443500472221 /* weather-mist@2x.png in Resources */,
				0772EA3919C6443500472221 /* weather-tstorm.png in Resources */,
				0772EA3519C6443500472221 /* weather-shower.png in Resources */,
				0772EA2D19C6443500472221 /* weather-moon.png in Resources */,
				0772EA3019C6443500472221 /* weather-rain-night@2x.png in Resources */,
				0772EA3819C6443500472221 /* weather-snow@2x.png in Resources */,
				0772EA3619C6443500472221 /* weather-shower@2x.png in Resources */,
				0772EA2919C6443500472221 /* weather-few.png in Resources */,
				0772EA2A19C6443500472221 /* weather-few@2x.png in Resources */,
				0772EA2419C6443500472221 /* weather-broken@2x.png in Resources */,
				073DC87319C6316D00978D67 /* Images.xcassets in Resources */,
				0772EA3319C6443500472221 /* weather-scattered.png in Resources */,
				0772EA2619C6443500472221 /* weather-clear@2x.png in Resources */,
				0772EA2119C6443500472221 /* bg.png in Resources */,
				0772EA2219C6443500472221 /* bg@2x.png in Resources */,
			);
			runOnlyForDeploymentPostprocessing = 0;
		};
		073DC87619C6316D00978D67 /* Resources */ = {
			isa = PBXResourcesBuildPhase;
			buildActionMask = 2147483647;
			files = (
				073DC88419C6316D00978D67 /* InfoPlist.strings in Resources */,
			);
			runOnlyForDeploymentPostprocessing = 0;
		};
/* End PBXResourcesBuildPhase section */

/* Begin PBXShellScriptBuildPhase section */
		142486077A624B0D8D40CD5F /* Copy Pods Resources */ = {
			isa = PBXShellScriptBuildPhase;
			buildActionMask = 2147483647;
			files = (
			);
			inputPaths = (
			);
			name = "Copy Pods Resources";
			outputPaths = (
			);
			runOnlyForDeploymentPostprocessing = 0;
			shellPath = /bin/sh;
			shellScript = "\"${SRCROOT}/Pods/Pods-resources.sh\"\n";
			showEnvVarsInLog = 0;
		};
		4EFE9B060944461EBF2027A6 /* Check Pods Manifest.lock */ = {
			isa = PBXShellScriptBuildPhase;
			buildActionMask = 2147483647;
			files = (
			);
			inputPaths = (
			);
			name = "Check Pods Manifest.lock";
			outputPaths = (
			);
			runOnlyForDeploymentPostprocessing = 0;
			shellPath = /bin/sh;
			shellScript = "diff \"${PODS_ROOT}/../Podfile.lock\" \"${PODS_ROOT}/Manifest.lock\" > /dev/null\nif [[ $? != 0 ]] ; then\n    cat << EOM\nerror: The sandbox is not in sync with the Podfile.lock. Run 'pod install' or update your CocoaPods installation.\nEOM\n    exit 1\nfi\n";
			showEnvVarsInLog = 0;
		};
/* End PBXShellScriptBuildPhase section */

/* Begin PBXSourcesBuildPhase section */
		073DC85919C6316D00978D67 /* Sources */ = {
			isa = PBXSourcesBuildPhase;
			buildActionMask = 2147483647;
			files = (
				072B57A919C6B34F006606ED /* WXManager.m in Sources */,
				072B57AF19C6B382006606ED /* WXDailyForecast.m in Sources */,
				073DC87119C6316D00978D67 /* AppDelegate.m in Sources */,
				073DC86D19C6316D00978D67 /* main.m in Sources */,
				0772E96219C6394400472221 /* WXController.m in Sources */,
				072B57AC19C6B368006606ED /* WXCondition.m in Sources */,
				072B57A619C6B340006606ED /* WXClient.m in Sources */,
			);
			runOnlyForDeploymentPostprocessing = 0;
		};
		073DC87419C6316D00978D67 /* Sources */ = {
			isa = PBXSourcesBuildPhase;
			buildActionMask = 2147483647;
			files = (
				073DC88619C6316E00978D67 /* WeatherTests.m in Sources */,
			);
			runOnlyForDeploymentPostprocessing = 0;
		};
/* End PBXSourcesBuildPhase section */

/* Begin PBXTargetDependency section */
		073DC87E19C6316D00978D67 /* PBXTargetDependency */ = {
			isa = PBXTargetDependency;
			target = 073DC85C19C6316D00978D67 /* Weather */;
			targetProxy = 073DC87D19C6316D00978D67 /* PBXContainerItemProxy */;
		};
/* End PBXTargetDependency section */

/* Begin PBXVariantGroup section */
		073DC86919C6316D00978D67 /* InfoPlist.strings */ = {
			isa = PBXVariantGroup;
			children = (
				073DC86A19C6316D00978D67 /* en */,
			);
			name = InfoPlist.strings;
			sourceTree = "<group>";
		};
		073DC88219C6316D00978D67 /* InfoPlist.strings */ = {
			isa = PBXVariantGroup;
			children = (
				073DC88319C6316D00978D67 /* en */,
			);
			name = InfoPlist.strings;
			sourceTree = "<group>";
		};
/* End PBXVariantGroup section */

/* Begin XCBuildConfiguration section */
		073DC88719C6316E00978D67 /* Debug */ = {
			isa = XCBuildConfiguration;
			buildSettings = {
				ALWAYS_SEARCH_USER_PATHS = NO;
				ARCHS = "$(ARCHS_STANDARD_INCLUDING_64_BIT)";
				CLANG_CXX_LANGUAGE_STANDARD = "gnu++0x";
				CLANG_CXX_LIBRARY = "libc++";
				CLANG_ENABLE_MODULES = YES;
				CLANG_ENABLE_OBJC_ARC = YES;
				CLANG_WARN_BOOL_CONVERSION = YES;
				CLANG_WARN_CONSTANT_CONVERSION = YES;
				CLANG_WARN_DIRECT_OBJC_ISA_USAGE = YES_ERROR;
				CLANG_WARN_EMPTY_BODY = YES;
				CLANG_WARN_ENUM_CONVERSION = YES;
				CLANG_WARN_INT_CONVERSION = YES;
				CLANG_WARN_OBJC_ROOT_CLASS = YES_ERROR;
				CLANG_WARN__DUPLICATE_METHOD_MATCH = YES;
				"CODE_SIGN_IDENTITY[sdk=iphoneos*]" = "iPhone Developer";
				COPY_PHASE_STRIP = NO;
				GCC_C_LANGUAGE_STANDARD = gnu99;
				GCC_DYNAMIC_NO_PIC = NO;
				GCC_OPTIMIZATION_LEVEL = 0;
				GCC_PREPROCESSOR_DEFINITIONS = (
					"DEBUG=1",
					"$(inherited)",
				);
				GCC_SYMBOLS_PRIVATE_EXTERN = NO;
				GCC_WARN_64_TO_32_BIT_CONVERSION = YES;
				GCC_WARN_ABOUT_RETURN_TYPE = YES_ERROR;
				GCC_WARN_UNDECLARED_SELECTOR = YES;
				GCC_WARN_UNINITIALIZED_AUTOS = YES;
				GCC_WARN_UNUSED_FUNCTION = YES;
				GCC_WARN_UNUSED_VARIABLE = YES;
				IPHONEOS_DEPLOYMENT_TARGET = 7.0;
				ONLY_ACTIVE_ARCH = YES;
				SDKROOT = iphoneos;
				TARGETED_DEVICE_FAMILY = "1,2";
			};
			name = Debug;
		};
		073DC88819C6316E00978D67 /* Release */ = {
			isa = XCBuildConfiguration;
			buildSettings = {
				ALWAYS_SEARCH_USER_PATHS = NO;
				ARCHS = "$(ARCHS_STANDARD_INCLUDING_64_BIT)";
				CLANG_CXX_LANGUAGE_STANDARD = "gnu++0x";
				CLANG_CXX_LIBRARY = "libc++";
				CLANG_ENABLE_MODULES = YES;
				CLANG_ENABLE_OBJC_ARC = YES;
				CLANG_WARN_BOOL_CONVERSION = YES;
				CLANG_WARN_CONSTANT_CONVERSION = YES;
				CLANG_WARN_DIRECT_OBJC_ISA_USAGE = YES_ERROR;
				CLANG_WARN_EMPTY_BODY = YES;
				CLANG_WARN_ENUM_CONVERSION = YES;
				CLANG_WARN_INT_CONVERSION = YES;
				CLANG_WARN_OBJC_ROOT_CLASS = YES_ERROR;
				CLANG_WARN__DUPLICATE_METHOD_MATCH = YES;
				"CODE_SIGN_IDENTITY[sdk=iphoneos*]" = "iPhone Developer";
				COPY_PHASE_STRIP = YES;
				ENABLE_NS_ASSERTIONS = NO;
				GCC_C_LANGUAGE_STANDARD = gnu99;
				GCC_WARN_64_TO_32_BIT_CONVERSION = YES;
				GCC_WARN_ABOUT_RETURN_TYPE = YES_ERROR;
				GCC_WARN_UNDECLARED_SELECTOR = YES;
				GCC_WARN_UNINITIALIZED_AUTOS = YES;
				GCC_WARN_UNUSED_FUNCTION = YES;
				GCC_WARN_UNUSED_VARIABLE = YES;
				IPHONEOS_DEPLOYMENT_TARGET = 7.0;
				SDKROOT = iphoneos;
				TARGETED_DEVICE_FAMILY = "1,2";
				VALIDATE_PRODUCT = YES;
			};
			name = Release;
		};
		073DC88A19C6316E00978D67 /* Debug */ = {
			isa = XCBuildConfiguration;
			baseConfigurationReference = 6ABDBB32167949C69A52F178 /* Pods.xcconfig */;
			buildSettings = {
				ASSETCATALOG_COMPILER_APPICON_NAME = AppIcon;
				ASSETCATALOG_COMPILER_LAUNCHIMAGE_NAME = LaunchImage;
				GCC_PRECOMPILE_PREFIX_HEADER = YES;
				GCC_PREFIX_HEADER = "Weather/Weather-Prefix.pch";
				INFOPLIST_FILE = "Weather/Weather-Info.plist";
				PRODUCT_NAME = "$(TARGET_NAME)";
				WRAPPER_EXTENSION = app;
			};
			name = Debug;
		};
		073DC88B19C6316E00978D67 /* Release */ = {
			isa = XCBuildConfiguration;
			baseConfigurationReference = 6ABDBB32167949C69A52F178 /* Pods.xcconfig */;
			buildSettings = {
				ASSETCATALOG_COMPILER_APPICON_NAME = AppIcon;
				ASSETCATALOG_COMPILER_LAUNCHIMAGE_NAME = LaunchImage;
				GCC_PRECOMPILE_PREFIX_HEADER = YES;
				GCC_PREFIX_HEADER = "Weather/Weather-Prefix.pch";
				INFOPLIST_FILE = "Weather/Weather-Info.plist";
				PRODUCT_NAME = "$(TARGET_NAME)";
				WRAPPER_EXTENSION = app;
			};
			name = Release;
		};
		073DC88D19C6316E00978D67 /* Debug */ = {
			isa = XCBuildConfiguration;
			buildSettings = {
				ARCHS = "$(ARCHS_STANDARD_INCLUDING_64_BIT)";
				BUNDLE_LOADER = "$(BUILT_PRODUCTS_DIR)/Weather.app/Weather";
				FRAMEWORK_SEARCH_PATHS = (
					"$(SDKROOT)/Developer/Library/Frameworks",
					"$(inherited)",
					"$(DEVELOPER_FRAMEWORKS_DIR)",
				);
				GCC_PRECOMPILE_PREFIX_HEADER = YES;
				GCC_PREFIX_HEADER = "Weather/Weather-Prefix.pch";
				GCC_PREPROCESSOR_DEFINITIONS = (
					"DEBUG=1",
					"$(inherited)",
				);
				INFOPLIST_FILE = "WeatherTests/WeatherTests-Info.plist";
				PRODUCT_NAME = "$(TARGET_NAME)";
				TEST_HOST = "$(BUNDLE_LOADER)";
				WRAPPER_EXTENSION = xctest;
			};
			name = Debug;
		};
		073DC88E19C6316E00978D67 /* Release */ = {
			isa = XCBuildConfiguration;
			buildSettings = {
				ARCHS = "$(ARCHS_STANDARD_INCLUDING_64_BIT)";
				BUNDLE_LOADER = "$(BUILT_PRODUCTS_DIR)/Weather.app/Weather";
				FRAMEWORK_SEARCH_PATHS = (
					"$(SDKROOT)/Developer/Library/Frameworks",
					"$(inherited)",
					"$(DEVELOPER_FRAMEWORKS_DIR)",
				);
				GCC_PRECOMPILE_PREFIX_HEADER = YES;
				GCC_PREFIX_HEADER = "Weather/Weather-Prefix.pch";
				INFOPLIST_FILE = "WeatherTests/WeatherTests-Info.plist";
				PRODUCT_NAME = "$(TARGET_NAME)";
				TEST_HOST = "$(BUNDLE_LOADER)";
				WRAPPER_EXTENSION = xctest;
			};
			name = Release;
		};
/* End XCBuildConfiguration section */

/* Begin XCConfigurationList section */
		073DC85819C6316D00978D67 /* Build configuration list for PBXProject "Weather" */ = {
			isa = XCConfigurationList;
			buildConfigurations = (
				073DC88719C6316E00978D67 /* Debug */,
				073DC88819C6316E00978D67 /* Release */,
			);
			defaultConfigurationIsVisible = 0;
			defaultConfigurationName = Release;
		};
		073DC88919C6316E00978D67 /* Build configuration list for PBXNativeTarget "Weather" */ = {
			isa = XCConfigurationList;
			buildConfigurations = (
				073DC88A19C6316E00978D67 /* Debug */,
				073DC88B19C6316E00978D67 /* Release */,
			);
			defaultConfigurationIsVisible = 0;
			defaultConfigurationName = Release;
		};
		073DC88C19C6316E00978D67 /* Build configuration list for PBXNativeTarget "WeatherTests" */ = {
			isa = XCConfigurationList;
			buildConfigurations = (
				073DC88D19C6316E00978D67 /* Debug */,
				073DC88E19C6316E00978D67 /* Release */,
			);
			defaultConfigurationIsVisible = 0;
			defaultConfigurationName = Release;
		};
/* End XCConfigurationList section */
	};
	rootObject = 073DC85519C6316D00978D67 /* Project object */;
}
